// !$*UTF8*$!
{
	archiveVersion = 1;
	classes = {
	};
	objectVersion = 77;
	objects = {

/* Begin PBXBuildFile section */
		D2C272552E2DFBA100ED4351 /* video-sample.mp4 in Resources */ = {isa = PBXBuildFile; fileRef = D2C272542E2DFBA100ED4351 /* video-sample.mp4 */; };
/* End PBXBuildFile section */

/* Begin PBXContainerItemProxy section */
		D2C272382E2DF33F00ED4351 /* PBXContainerItemProxy */ = {
			isa = PBXContainerItemProxy;
			containerPortal = D2C2721F2E2DF33D00ED4351 /* Project object */;
			proxyType = 1;
			remoteGlobalIDString = D2C272262E2DF33D00ED4351;
			remoteInfo = "playback-media-ios";
		};
		D2C272422E2DF33F00ED4351 /* PBXContainerItemProxy */ = {
			isa = PBXContainerItemProxy;
			containerPortal = D2C2721F2E2DF33D00ED4351 /* Project object */;
			proxyType = 1;
			remoteGlobalIDString = D2C272262E2DF33D00ED4351;
			remoteInfo = "playback-media-ios";
		};
/* End PBXContainerItemProxy section */

/* Begin PBXFileReference section */
		D2C272272E2DF33D00ED4351 /* playback-media-ios.app */ = {isa = PBXFileReference; explicitFileType = wrapper.application; includeInIndex = 0; path = "playback-media-ios.app"; sourceTree = BUILT_PRODUCTS_DIR; };
		D2C272372E2DF33F00ED4351 /* playback-media-iosTests.xctest */ = {isa = PBXFileReference; explicitFileType = wrapper.cfbundle; includeInIndex = 0; path = "playback-media-iosTests.xctest"; sourceTree = BUILT_PRODUCTS_DIR; };
		D2C272412E2DF33F00ED4351 /* playback-media-iosUITests.xctest */ = {isa = PBXFileReference; explicitFileType = wrapper.cfbundle; includeInIndex = 0; path = "playback-media-iosUITests.xctest"; sourceTree = BUILT_PRODUCTS_DIR; };
		D2C272542E2DFBA100ED4351 /* video-sample.mp4 */ = {isa = PBXFileReference; lastKnownFileType = file; path = "video-sample.mp4"; sourceTree = "<group>"; };
/* End PBXFileReference section */

/* Begin PBXFileSystemSynchronizedRootGroup section */
		D2C272292E2DF33D00ED4351 /* playback-media-ios */ = {
			isa = PBXFileSystemSynchronizedRootGroup;
			path = "playback-media-ios";
			sourceTree = "<group>";
		};
		D2C2723A2E2DF33F00ED4351 /* playback-media-iosTests */ = {
			isa = PBXFileSystemSynchronizedRootGroup;
			path = "playback-media-iosTests";
			sourceTree = "<group>";
		};
		D2C272442E2DF33F00ED4351 /* playback-media-iosUITests */ = {
			isa = PBXFileSystemSynchronizedRootGroup;
			path = "playback-media-iosUITests";
			sourceTree = "<group>";
		};
/* End PBXFileSystemSynchronizedRootGroup section */

/* Begin PBXFrameworksBuildPhase section */
		D2C272242E2DF33D00ED4351 /* Frameworks */ = {
			isa = PBXFrameworksBuildPhase;
			buildActionMask = 2147483647;
			files = (
			);
			runOnlyForDeploymentPostprocessing = 0;
		};
		D2C272342E2DF33F00ED4351 /* Frameworks */ = {
			isa = PBXFrameworksBuildPhase;
			buildActionMask = 2147483647;
			files = (
			);
			runOnlyForDeploymentPostprocessing = 0;
		};
		D2C2723E2E2DF33F00ED4351 /* Frameworks */ = {
			isa = PBXFrameworksBuildPhase;
			buildActionMask = 2147483647;
			files = (
			);
			runOnlyForDeploymentPostprocessing = 0;
		};
/* End PBXFrameworksBuildPhase section */

/* Begin PBXGroup section */
		D2C2721E2E2DF33D00ED4351 = {
			isa = PBXGroup;
			children = (
				D2C272292E2DF33D00ED4351 /* playback-media-ios */,
				D2C2723A2E2DF33F00ED4351 /* playback-media-iosTests */,
				D2C272442E2DF33F00ED4351 /* playback-media-iosUITests */,
				D2C272282E2DF33D00ED4351 /* Products */,
				D2C272542E2DFBA100ED4351 /* video-sample.mp4 */,
			);
			sourceTree = "<group>";
		};
		D2C272282E2DF33D00ED4351 /* Products */ = {
			isa = PBXGroup;
			children = (
				D2C272272E2DF33D00ED4351 /* playback-media-ios.app */,
				D2C272372E2DF33F00ED4351 /* playback-media-iosTests.xctest */,
				D2C272412E2DF33F00ED4351 /* playback-media-iosUITests.xctest */,
			);
			name = Products;
			sourceTree = "<group>";
		};
/* End PBXGroup section */

/* Begin PBXNativeTarget section */
		D2C272262E2DF33D00ED4351 /* playback-media-ios */ = {
			isa = PBXNativeTarget;
			buildConfigurationList = D2C2724B2E2DF33F00ED4351 /* Build configuration list for PBXNativeTarget "playback-media-ios" */;
			buildPhases = (
				D2C272232E2DF33D00ED4351 /* Sources */,
				D2C272242E2DF33D00ED4351 /* Frameworks */,
				D2C272252E2DF33D00ED4351 /* Resources */,
			);
			buildRules = (
			);
			dependencies = (
			);
			fileSystemSynchronizedGroups = (
				D2C272292E2DF33D00ED4351 /* playback-media-ios */,
			);
			name = "playback-media-ios";
			packageProductDependencies = (
			);
			productName = "playback-media-ios";
			productReference = D2C272272E2DF33D00ED4351 /* playback-media-ios.app */;
			productType = "com.apple.product-type.application";
		};
		D2C272362E2DF33F00ED4351 /* playback-media-iosTests */ = {
			isa = PBXNativeTarget;
			buildConfigurationList = D2C2724E2E2DF33F00ED4351 /* Build configuration list for PBXNativeTarget "playback-media-iosTests" */;
			buildPhases = (
				D2C272332E2DF33F00ED4351 /* Sources */,
				D2C272342E2DF33F00ED4351 /* Frameworks */,
				D2C272352E2DF33F00ED4351 /* Resources */,
			);
			buildRules = (
			);
			dependencies = (
				D2C272392E2DF33F00ED4351 /* PBXTargetDependency */,
			);
			fileSystemSynchronizedGroups = (
				D2C2723A2E2DF33F00ED4351 /* playback-media-iosTests */,
			);
			name = "playback-media-iosTests";
			packageProductDependencies = (
			);
			productName = "playback-media-iosTests";
			productReference = D2C272372E2DF33F00ED4351 /* playback-media-iosTests.xctest */;
			productType = "com.apple.product-type.bundle.unit-test";
		};
		D2C272402E2DF33F00ED4351 /* playback-media-iosUITests */ = {
			isa = PBXNativeTarget;
			buildConfigurationList = D2C272512E2DF33F00ED4351 /* Build configuration list for PBXNativeTarget "playback-media-iosUITests" */;
			buildPhases = (
				D2C2723D2E2DF33F00ED4351 /* Sources */,
				D2C2723E2E2DF33F00ED4351 /* Frameworks */,
				D2C2723F2E2DF33F00ED4351 /* Resources */,
			);
			buildRules = (
			);
			dependencies = (
				D2C272432E2DF33F00ED4351 /* PBXTargetDependency */,
			);
			fileSystemSynchronizedGroups = (
				D2C272442E2DF33F00ED4351 /* playback-media-iosUITests */,
			);
			name = "playback-media-iosUITests";
			packageProductDependencies = (
			);
			productName = "playback-media-iosUITests";
			productReference = D2C272412E2DF33F00ED4351 /* playback-media-iosUITests.xctest */;
			productType = "com.apple.product-type.bundle.ui-testing";
		};
/* End PBXNativeTarget section */

/* Begin PBXProject section */
		D2C2721F2E2DF33D00ED4351 /* Project object */ = {
			isa = PBXProject;
			attributes = {
				BuildIndependentTargetsInParallel = 1;
				LastSwiftUpdateCheck = 1620;
				LastUpgradeCheck = 1620;
				TargetAttributes = {
					D2C272262E2DF33D00ED4351 = {
						CreatedOnToolsVersion = 16.2;
					};
					D2C272362E2DF33F00ED4351 = {
						CreatedOnToolsVersion = 16.2;
						TestTargetID = D2C272262E2DF33D00ED4351;
					};
					D2C272402E2DF33F00ED4351 = {
						CreatedOnToolsVersion = 16.2;
						TestTargetID = D2C272262E2DF33D00ED4351;
					};
				};
			};
			buildConfigurationList = D2C272222E2DF33D00ED4351 /* Build configuration list for PBXProject "playback-media-ios" */;
			developmentRegion = en;
			hasScannedForEncodings = 0;
			knownRegions = (
				en,
				Base,
			);
			mainGroup = D2C2721E2E2DF33D00ED4351;
			minimizedProjectReferenceProxies = 1;
			preferredProjectObjectVersion = 77;
			productRefGroup = D2C272282E2DF33D00ED4351 /* Products */;
			projectDirPath = "";
			projectRoot = "";
			targets = (
				D2C272262E2DF33D00ED4351 /* playback-media-ios */,
				D2C272362E2DF33F00ED4351 /* playback-media-iosTests */,
				D2C272402E2DF33F00ED4351 /* playback-media-iosUITests */,
			);
		};
/* End PBXProject section */

/* Begin PBXResourcesBuildPhase section */
		D2C272252E2DF33D00ED4351 /* Resources */ = {
			isa = PBXResourcesBuildPhase;
			buildActionMask = 2147483647;
			files = (
				D2C272552E2DFBA100ED4351 /* video-sample.mp4 in Resources */,
			);
			runOnlyForDeploymentPostprocessing = 0;
		};
		D2C272352E2DF33F00ED4351 /* Resources */ = {
			isa = PBXResourcesBuildPhase;
			buildActionMask = 2147483647;
			files = (
			);
			runOnlyForDeploymentPostprocessing = 0;
		};
		D2C2723F2E2DF33F00ED4351 /* Resources */ = {
			isa = PBXResourcesBuildPhase;
			buildActionMask = 2147483647;
			files = (
			);
			runOnlyForDeploymentPostprocessing = 0;
		};
/* End PBXResourcesBuildPhase section */

/* Begin PBXSourcesBuildPhase section */
		D2C272232E2DF33D00ED4351 /* Sources */ = {
			isa = PBXSourcesBuildPhase;
			buildActionMask = 2147483647;
			files = (
			);
			runOnlyForDeploymentPostprocessing = 0;
		};
		D2C272332E2DF33F00ED4351 /* Sources */ = {
			isa = PBXSourcesBuildPhase;
			buildActionMask = 2147483647;
			files = (
			);
			runOnlyForDeploymentPostprocessing = 0;
		};
		D2C2723D2E2DF33F00ED4351 /* Sources */ = {
			isa = PBXSourcesBuildPhase;
			buildActionMask = 2147483647;
			files = (
			);
			runOnlyForDeploymentPostprocessing = 0;
		};
/* End PBXSourcesBuildPhase section */

/* Begin PBXTargetDependency section */
		D2C272392E2DF33F00ED4351 /* PBXTargetDependency */ = {
			isa = PBXTargetDependency;
			target = D2C272262E2DF33D00ED4351 /* playback-media-ios */;
			targetProxy = D2C272382E2DF33F00ED4351 /* PBXContainerItemProxy */;
		};
		D2C272432E2DF33F00ED4351 /* PBXTargetDependency */ = {
			isa = PBXTargetDependency;
			target = D2C272262E2DF33D00ED4351 /* playback-media-ios */;
			targetProxy = D2C272422E2DF33F00ED4351 /* PBXContainerItemProxy */;
		};
/* End PBXTargetDependency section */

/* Begin XCBuildConfiguration section */
		D2C272492E2DF33F00ED4351 /* Debug */ = {
			isa = XCBuildConfiguration;
			buildSettings = {
				ALWAYS_SEARCH_USER_PATHS = NO;
				ASSETCATALOG_COMPILER_GENERATE_SWIFT_ASSET_SYMBOL_EXTENSIONS = YES;
				CLANG_ANALYZER_NONNULL = YES;
				CLANG_ANALYZER_NUMBER_OBJECT_CONVERSION = YES_AGGRESSIVE;
				CLANG_CXX_LANGUAGE_STANDARD = "gnu++20";
				CLANG_ENABLE_MODULES = YES;
				CLANG_ENABLE_OBJC_ARC = YES;
				CLANG_ENABLE_OBJC_WEAK = YES;
				CLANG_WARN_BLOCK_CAPTURE_AUTORELEASING = YES;
				CLANG_WARN_BOOL_CONVERSION = YES;
				CLANG_WARN_COMMA = YES;
				CLANG_WARN_CONSTANT_CONVERSION = YES;
				CLANG_WARN_DEPRECATED_OBJC_IMPLEMENTATIONS = YES;
				CLANG_WARN_DIRECT_OBJC_ISA_USAGE = YES_ERROR;
				CLANG_WARN_DOCUMENTATION_COMMENTS = YES;
				CLANG_WARN_EMPTY_BODY = YES;
				CLANG_WARN_ENUM_CONVERSION = YES;
				CLANG_WARN_INFINITE_RECURSION = YES;
				CLANG_WARN_INT_CONVERSION = YES;
				CLANG_WARN_NON_LITERAL_NULL_CONVERSION = YES;
				CLANG_WARN_OBJC_IMPLICIT_RETAIN_SELF = YES;
				CLANG_WARN_OBJC_LITERAL_CONVERSION = YES;
				CLANG_WARN_OBJC_ROOT_CLASS = YES_ERROR;
				CLANG_WARN_QUOTED_INCLUDE_IN_FRAMEWORK_HEADER = YES;
				CLANG_WARN_RANGE_LOOP_ANALYSIS = YES;
				CLANG_WARN_STRICT_PROTOTYPES = YES;
				CLANG_WARN_SUSPICIOUS_MOVE = YES;
				CLANG_WARN_UNGUARDED_AVAILABILITY = YES_AGGRESSIVE;
				CLANG_WARN_UNREACHABLE_CODE = YES;
				CLANG_WARN__DUPLICATE_METHOD_MATCH = YES;
				COPY_PHASE_STRIP = NO;
				DEBUG_INFORMATION_FORMAT = dwarf;
				ENABLE_STRICT_OBJC_MSGSEND = YES;
				ENABLE_TESTABILITY = YES;
				ENABLE_USER_SCRIPT_SANDBOXING = YES;
				GCC_C_LANGUAGE_STANDARD = gnu17;
				GCC_DYNAMIC_NO_PIC = NO;
				GCC_NO_COMMON_BLOCKS = YES;
				GCC_OPTIMIZATION_LEVEL = 0;
				GCC_PREPROCESSOR_DEFINITIONS = (
					"DEBUG=1",
					"$(inherited)",
				);
				GCC_WARN_64_TO_32_BIT_CONVERSION = YES;
				GCC_WARN_ABOUT_RETURN_TYPE = YES_ERROR;
				GCC_WARN_UNDECLARED_SELECTOR = YES;
				GCC_WARN_UNINITIALIZED_AUTOS = YES_AGGRESSIVE;
				GCC_WARN_UNUSED_FUNCTION = YES;
				GCC_WARN_UNUSED_VARIABLE = YES;
				IPHONEOS_DEPLOYMENT_TARGET = 18.2;
				LOCALIZATION_PREFERS_STRING_CATALOGS = YES;
				MTL_ENABLE_DEBUG_INFO = INCLUDE_SOURCE;
				MTL_FAST_MATH = YES;
				ONLY_ACTIVE_ARCH = YES;
				SDKROOT = iphoneos;
				SWIFT_ACTIVE_COMPILATION_CONDITIONS = "DEBUG $(inherited)";
				SWIFT_OPTIMIZATION_LEVEL = "-Onone";
			};
			name = Debug;
		};
		D2C2724A2E2DF33F00ED4351 /* Release */ = {
			isa = XCBuildConfiguration;
			buildSettings = {
				ALWAYS_SEARCH_USER_PATHS = NO;
				ASSETCATALOG_COMPILER_GENERATE_SWIFT_ASSET_SYMBOL_EXTENSIONS = YES;
				CLANG_ANALYZER_NONNULL = YES;
				CLANG_ANALYZER_NUMBER_OBJECT_CONVERSION = YES_AGGRESSIVE;
				CLANG_CXX_LANGUAGE_STANDARD = "gnu++20";
				CLANG_ENABLE_MODULES = YES;
				CLANG_ENABLE_OBJC_ARC = YES;
				CLANG_ENABLE_OBJC_WEAK = YES;
				CLANG_WARN_BLOCK_CAPTURE_AUTORELEASING = YES;
				CLANG_WARN_BOOL_CONVERSION = YES;
				CLANG_WARN_COMMA = YES;
				CLANG_WARN_CONSTANT_CONVERSION = YES;
				CLANG_WARN_DEPRECATED_OBJC_IMPLEMENTATIONS = YES;
				CLANG_WARN_DIRECT_OBJC_ISA_USAGE = YES_ERROR;
				CLANG_WARN_DOCUMENTATION_COMMENTS = YES;
				CLANG_WARN_EMPTY_BODY = YES;
				CLANG_WARN_ENUM_CONVERSION = YES;
				CLANG_WARN_INFINITE_RECURSION = YES;
				CLANG_WARN_INT_CONVERSION = YES;
				CLANG_WARN_NON_LITERAL_NULL_CONVERSION = YES;
				CLANG_WARN_OBJC_IMPLICIT_RETAIN_SELF = YES;
				CLANG_WARN_OBJC_LITERAL_CONVERSION = YES;
				CLANG_WARN_OBJC_ROOT_CLASS = YES_ERROR;
				CLANG_WARN_QUOTED_INCLUDE_IN_FRAMEWORK_HEADER = YES;
				CLANG_WARN_RANGE_LOOP_ANALYSIS = YES;
				CLANG_WARN_STRICT_PROTOTYPES = YES;
				CLANG_WARN_SUSPICIOUS_MOVE = YES;
				CLANG_WARN_UNGUARDED_AVAILABILITY = YES_AGGRESSIVE;
				CLANG_WARN_UNREACHABLE_CODE = YES;
				CLANG_WARN__DUPLICATE_METHOD_MATCH = YES;
				COPY_PHASE_STRIP = NO;
				DEBUG_INFORMATION_FORMAT = "dwarf-with-dsym";
				ENABLE_NS_ASSERTIONS = NO;
				ENABLE_STRICT_OBJC_MSGSEND = YES;
				ENABLE_USER_SCRIPT_SANDBOXING = YES;
				GCC_C_LANGUAGE_STANDARD = gnu17;
				GCC_NO_COMMON_BLOCKS = YES;
				GCC_WARN_64_TO_32_BIT_CONVERSION = YES;
				GCC_WARN_ABOUT_RETURN_TYPE = YES_ERROR;
				GCC_WARN_UNDECLARED_SELECTOR = YES;
				GCC_WARN_UNINITIALIZED_AUTOS = YES_AGGRESSIVE;
				GCC_WARN_UNUSED_FUNCTION = YES;
				GCC_WARN_UNUSED_VARIABLE = YES;
				IPHONEOS_DEPLOYMENT_TARGET = 18.2;
				LOCALIZATION_PREFERS_STRING_CATALOGS = YES;
				MTL_ENABLE_DEBUG_INFO = NO;
				MTL_FAST_MATH = YES;
				SDKROOT = iphoneos;
				SWIFT_COMPILATION_MODE = wholemodule;
				VALIDATE_PRODUCT = YES;
			};
			name = Release;
		};
		D2C2724C2E2DF33F00ED4351 /* Debug */ = {
			isa = XCBuildConfiguration;
			buildSettings = {
				ASSETCATALOG_COMPILER_APPICON_NAME = AppIcon;
				ASSETCATALOG_COMPILER_GLOBAL_ACCENT_COLOR_NAME = AccentColor;
				CODE_SIGN_STYLE = Automatic;
				CURRENT_PROJECT_VERSION = 1;
				DEVELOPMENT_ASSET_PATHS = "\"playback-media-ios/Preview Content\"";
				ENABLE_PREVIEWS = YES;
				GENERATE_INFOPLIST_FILE = YES;
				INFOPLIST_KEY_UIApplicationSceneManifest_Generation = YES;
				INFOPLIST_KEY_UIApplicationSupportsIndirectInputEvents = YES;
				INFOPLIST_KEY_UILaunchScreen_Generation = YES;
				INFOPLIST_KEY_UISupportedInterfaceOrientations_iPad = "UIInterfaceOrientationPortrait UIInterfaceOrientationPortraitUpsideDown UIInterfaceOrientationLandscapeLeft UIInterfaceOrientationLandscapeRight";
				INFOPLIST_KEY_UISupportedInterfaceOrientations_iPhone = "UIInterfaceOrientationPortrait UIInterfaceOrientationLandscapeLeft UIInterfaceOrientationLandscapeRight";
				LD_RUNPATH_SEARCH_PATHS = (
					"$(inherited)",
					"@executable_path/Frameworks",
				);
				MARKETING_VERSION = 1.0;
				PRODUCT_BUNDLE_IDENTIFIER = "com.playback-media-ios";
				PRODUCT_NAME = "$(TARGET_NAME)";
				SWIFT_EMIT_LOC_STRINGS = YES;
				SWIFT_VERSION = 5.0;
				TARGETED_DEVICE_FAMILY = "1,2";
			};
			name = Debug;
		};
		D2C2724D2E2DF33F00ED4351 /* Release */ = {
			isa = XCBuildConfiguration;
			buildSettings = {
				ASSETCATALOG_COMPILER_APPICON_NAME = AppIcon;
				ASSETCATALOG_COMPILER_GLOBAL_ACCENT_COLOR_NAME = AccentColor;
				CODE_SIGN_STYLE = Automatic;
				CURRENT_PROJECT_VERSION = 1;
				DEVELOPMENT_ASSET_PATHS = "\"playback-media-ios/Preview Content\"";
				ENABLE_PREVIEWS = YES;
				GENERATE_INFOPLIST_FILE = YES;
				INFOPLIST_KEY_UIApplicationSceneManifest_Generation = YES;
				INFOPLIST_KEY_UIApplicationSupportsIndirectInputEvents = YES;
				INFOPLIST_KEY_UILaunchScreen_Generation = YES;
				INFOPLIST_KEY_UISupportedInterfaceOrientations_iPad = "UIInterfaceOrientationPortrait UIInterfaceOrientationPortraitUpsideDown UIInterfaceOrientationLandscapeLeft UIInterfaceOrientationLandscapeRight";
				INFOPLIST_KEY_UISupportedInterfaceOrientations_iPhone = "UIInterfaceOrientationPortrait UIInterfaceOrientationLandscapeLeft UIInterfaceOrientationLandscapeRight";
				LD_RUNPATH_SEARCH_PATHS = (
					"$(inherited)",
					"@executable_path/Frameworks",
				);
				MARKETING_VERSION = 1.0;
				PRODUCT_BUNDLE_IDENTIFIER = "com.playback-media-ios";
				PRODUCT_NAME = "$(TARGET_NAME)";
				SWIFT_EMIT_LOC_STRINGS = YES;
				SWIFT_VERSION = 5.0;
				TARGETED_DEVICE_FAMILY = "1,2";
			};
			name = Release;
		};
		D2C2724F2E2DF33F00ED4351 /* Debug */ = {
			isa = XCBuildConfiguration;
			buildSettings = {
				BUNDLE_LOADER = "$(TEST_HOST)";
				CODE_SIGN_STYLE = Automatic;
				CURRENT_PROJECT_VERSION = 1;
				GENERATE_INFOPLIST_FILE = YES;
				IPHONEOS_DEPLOYMENT_TARGET = 18.2;
				MARKETING_VERSION = 1.0;
				PRODUCT_BUNDLE_IDENTIFIER = "com.playback-media-iosTests";
				PRODUCT_NAME = "$(TARGET_NAME)";
				SWIFT_EMIT_LOC_STRINGS = NO;
				SWIFT_VERSION = 5.0;
				TARGETED_DEVICE_FAMILY = "1,2";
				TEST_HOST = "$(BUILT_PRODUCTS_DIR)/playback-media-ios.app/$(BUNDLE_EXECUTABLE_FOLDER_PATH)/playback-media-ios";
			};
			name = Debug;
		};
		D2C272502E2DF33F00ED4351 /* Release */ = {
			isa = XCBuildConfiguration;
			buildSettings = {
				BUNDLE_LOADER = "$(TEST_HOST)";
				CODE_SIGN_STYLE = Automatic;
				CURRENT_PROJECT_VERSION = 1;
				GENERATE_INFOPLIST_FILE = YES;
				IPHONEOS_DEPLOYMENT_TARGET = 18.2;
				MARKETING_VERSION = 1.0;
				PRODUCT_BUNDLE_IDENTIFIER = "com.playback-media-iosTests";
				PRODUCT_NAME = "$(TARGET_NAME)";
				SWIFT_EMIT_LOC_STRINGS = NO;
				SWIFT_VERSION = 5.0;
				TARGETED_DEVICE_FAMILY = "1,2";
				TEST_HOST = "$(BUILT_PRODUCTS_DIR)/playback-media-ios.app/$(BUNDLE_EXECUTABLE_FOLDER_PATH)/playback-media-ios";
			};
			name = Release;
		};
		D2C272522E2DF33F00ED4351 /* Debug */ = {
			isa = XCBuildConfiguration;
			buildSettings = {
				CODE_SIGN_STYLE = Automatic;
				CURRENT_PROJECT_VERSION = 1;
				GENERATE_INFOPLIST_FILE = YES;
				MARKETING_VERSION = 1.0;
				PRODUCT_BUNDLE_IDENTIFIER = "com.playback-media-iosUITests";
				PRODUCT_NAME = "$(TARGET_NAME)";
				SWIFT_EMIT_LOC_STRINGS = NO;
				SWIFT_VERSION = 5.0;
				TARGETED_DEVICE_FAMILY = "1,2";
				TEST_TARGET_NAME = "playback-media-ios";
			};
			name = Debug;
		};
		D2C272532E2DF33F00ED4351 /* Release */ = {
			isa = XCBuildConfiguration;
			buildSettings = {
				CODE_SIGN_STYLE = Automatic;
				CURRENT_PROJECT_VERSION = 1;
				GENERATE_INFOPLIST_FILE = YES;
				MARKETING_VERSION = 1.0;
				PRODUCT_BUNDLE_IDENTIFIER = "com.playback-media-iosUITests";
				PRODUCT_NAME = "$(TARGET_NAME)";
				SWIFT_EMIT_LOC_STRINGS = NO;
				SWIFT_VERSION = 5.0;
				TARGETED_DEVICE_FAMILY = "1,2";
				TEST_TARGET_NAME = "playback-media-ios";
			};
			name = Release;
		};
/* End XCBuildConfiguration section */

/* Begin XCConfigurationList section */
		D2C272222E2DF33D00ED4351 /* Build configuration list for PBXProject "playback-media-ios" */ = {
			isa = XCConfigurationList;
			buildConfigurations = (
				D2C272492E2DF33F00ED4351 /* Debug */,
				D2C2724A2E2DF33F00ED4351 /* Release */,
			);
			defaultConfigurationIsVisible = 0;
			defaultConfigurationName = Release;
		};
		D2C2724B2E2DF33F00ED4351 /* Build configuration list for PBXNativeTarget "playback-media-ios" */ = {
			isa = XCConfigurationList;
			buildConfigurations = (
				D2C2724C2E2DF33F00ED4351 /* Debug */,
				D2C2724D2E2DF33F00ED4351 /* Release */,
			);
			defaultConfigurationIsVisible = 0;
			defaultConfigurationName = Release;
		};
		D2C2724E2E2DF33F00ED4351 /* Build configuration list for PBXNativeTarget "playback-media-iosTests" */ = {
			isa = XCConfigurationList;
			buildConfigurations = (
				D2C2724F2E2DF33F00ED4351 /* Debug */,
				D2C272502E2DF33F00ED4351 /* Release */,
			);
			defaultConfigurationIsVisible = 0;
			defaultConfigurationName = Release;
		};
		D2C272512E2DF33F00ED4351 /* Build configuration list for PBXNativeTarget "playback-media-iosUITests" */ = {
			isa = XCConfigurationList;
			buildConfigurations = (
				D2C272522E2DF33F00ED4351 /* Debug */,
				D2C272532E2DF33F00ED4351 /* Release */,
			);
			defaultConfigurationIsVisible = 0;
			defaultConfigurationName = Release;
		};
/* End XCConfigurationList section */
	};
	rootObject = D2C2721F2E2DF33D00ED4351 /* Project object */;
}
